
Microsoft Visual Studio Solution File, Format Version 12.00
# Visual Studio 15
VisualStudioVersion = 15.0.27428.2015
MinimumVisualStudioVersion = 10.0.40219.1
Project("{FAE04EC0-301F-11D3-BF4B-00C04F79EFBC}") = "ACM.BL", "ACM.BL\ACM.BL.csproj", "{764FCC2E-3B2F-430E-94B2-3413111F5D2C}"
EndProject
Project("{2150E333-8FDC-42A3-9474-1A3956D46DE8}") = "Tests", "Tests", "{9F43F016-8EA4-4C2D-BC59-BF7B3EAC36BA}"
EndProject
Project("{FAE04EC0-301F-11D3-BF4B-00C04F79EFBC}") = "ACM.BL.Test", "ACM.BL.Test\ACM.BL.Test.csproj", "{63ECB092-6C8C-4946-BB06-8A3221335487}"
EndProject
Project("{FAE04EC0-301F-11D3-BF4B-00C04F79EFBC}") = "Acme.Common", "Acme.Common\Acme.Common.csproj", "{D90B9628-3BC6-45EF-AB7B-4D5FBCA36F47}"
EndProject
Project("{FAE04EC0-301F-11D3-BF4B-00C04F79EFBC}") = "Acme.CommonTest", "Acme.CommonTest\Acme.CommonTest.csproj", "{B92D0E06-7CB0-4395-A102-49C1B3EAC311}"
EndProject
Global
	GlobalSection(SolutionConfigurationPlatforms) = preSolution
		Debug|Any CPU = Debug|Any CPU
		Release|Any CPU = Release|Any CPU
	EndGlobalSection
	GlobalSection(ProjectConfigurationPlatforms) = postSolution
		{764FCC2E-3B2F-430E-94B2-3413111F5D2C}.Debug|Any CPU.ActiveCfg = Debug|Any CPU
		{764FCC2E-3B2F-430E-94B2-3413111F5D2C}.Debug|Any CPU.Build.0 = Debug|Any CPU
		{764FCC2E-3B2F-430E-94B2-3413111F5D2C}.Release|Any CPU.ActiveCfg = Release|Any CPU
		{764FCC2E-3B2F-430E-94B2-3413111F5D2C}.Release|Any CPU.Build.0 = Release|Any CPU
		{63ECB092-6C8C-4946-BB06-8A3221335487}.Debug|Any CPU.ActiveCfg = Debug|Any CPU
		{63ECB092-6C8C-4946-BB06-8A3221335487}.Debug|Any CPU.Build.0 = Debug|Any CPU
		{63ECB092-6C8C-4946-BB06-8A3221335487}.Release|Any CPU.ActiveCfg = Release|Any CPU
		{63ECB092-6C8C-4946-BB06-8A3221335487}.Release|Any CPU.Build.0 = Release|Any CPU
		{D90B9628-3BC6-45EF-AB7B-4D5FBCA36F47}.Debug|Any CPU.ActiveCfg = Debug|Any CPU
		{D90B9628-3BC6-45EF-AB7B-4D5FBCA36F47}.Debug|Any CPU.Build.0 = Debug|Any CPU
		{D90B9628-3BC6-45EF-AB7B-4D5FBCA36F47}.Release|Any CPU.ActiveCfg = Release|Any CPU
		{D90B9628-3BC6-45EF-AB7B-4D5FBCA36F47}.Release|Any CPU.Build.0 = Release|Any CPU
		{B92D0E06-7CB0-4395-A102-49C1B3EAC311}.Debug|Any CPU.ActiveCfg = Debug|Any CPU
		{B92D0E06-7CB0-4395-A102-49C1B3EAC311}.Debug|Any CPU.Build.0 = Debug|Any CPU
		{B92D0E06-7CB0-4395-A102-49C1B3EAC311}.Release|Any CPU.ActiveCfg = Release|Any CPU
		{B92D0E06-7CB0-4395-A102-49C1B3EAC311}.Release|Any CPU.Build.0 = Release|Any CPU
	EndGlobalSection
	GlobalSection(SolutionProperties) = preSolution
		HideSolutionNode = FALSE
	EndGlobalSection
	GlobalSection(NestedProjects) = preSolution
		{63ECB092-6C8C-4946-BB06-8A3221335487} = {9F43F016-8EA4-4C2D-BC59-BF7B3EAC36BA}
		{B92D0E06-7CB0-4395-A102-49C1B3EAC311} = {9F43F016-8EA4-4C2D-BC59-BF7B3EAC36BA}
	EndGlobalSection
	GlobalSection(ExtensibilityGlobals) = postSolution
		SolutionGuid = {A1358A97-FAB1-462E-A273-D09FD096921C}
	EndGlobalSection
EndGlobal
